
Microsoft Visual Studio Solution File, Format Version 12.00
# Visual Studio Version 17
VisualStudioVersion = 17.8.34408.163
MinimumVisualStudioVersion = 10.0.40219.1
Project("{9A19103F-16F7-4668-BE54-9A1E7A4F7556}") = "UsersMicroService.API", "eCommerce.API\UsersMicroService.API.csproj", "{FBBCAE22-9A09-44EC-AC96-68A54DD630D7}"
EndProject
Project("{9A19103F-16F7-4668-BE54-9A1E7A4F7556}") = "UsersMicroService.Infrastructure", "eCommerce.Infrastructure\UsersMicroService.Infrastructure.csproj", "{3F5D02C3-89A1-4C68-BD10-C3C3CC3570EF}"
EndProject
Project("{9A19103F-16F7-4668-BE54-9A1E7A4F7556}") = "UsersMicroService.Core", "eCommerce.Core\UsersMicroService.Core.csproj", "{570420E4-553F-4725-9DB6-5E10C0579B6F}"
EndProject
Global
	GlobalSection(SolutionConfigurationPlatforms) = preSolution
		Debug|Any CPU = Debug|Any CPU
		Release|Any CPU = Release|Any CPU
	EndGlobalSection
	GlobalSection(ProjectConfigurationPlatforms) = postSolution
		{FBBCAE22-9A09-44EC-AC96-68A54DD630D7}.Debug|Any CPU.ActiveCfg = Debug|Any CPU
		{FBBCAE22-9A09-44EC-AC96-68A54DD630D7}.Debug|Any CPU.Build.0 = Debug|Any CPU
		{FBBCAE22-9A09-44EC-AC96-68A54DD630D7}.Release|Any CPU.ActiveCfg = Release|Any CPU
		{FBBCAE22-9A09-44EC-AC96-68A54DD630D7}.Release|Any CPU.Build.0 = Release|Any CPU
		{3F5D02C3-89A1-4C68-BD10-C3C3CC3570EF}.Debug|Any CPU.ActiveCfg = Debug|Any CPU
		{3F5D02C3-89A1-4C68-BD10-C3C3CC3570EF}.Debug|Any CPU.Build.0 = Debug|Any CPU
		{3F5D02C3-89A1-4C68-BD10-C3C3CC3570EF}.Release|Any CPU.ActiveCfg = Release|Any CPU
		{3F5D02C3-89A1-4C68-BD10-C3C3CC3570EF}.Release|Any CPU.Build.0 = Release|Any CPU
		{570420E4-553F-4725-9DB6-5E10C0579B6F}.Debug|Any CPU.ActiveCfg = Debug|Any CPU
		{570420E4-553F-4725-9DB6-5E10C0579B6F}.Debug|Any CPU.Build.0 = Debug|Any CPU
		{570420E4-553F-4725-9DB6-5E10C0579B6F}.Release|Any CPU.ActiveCfg = Release|Any CPU
		{570420E4-553F-4725-9DB6-5E10C0579B6F}.Release|Any CPU.Build.0 = Release|Any CPU
	EndGlobalSection
	GlobalSection(SolutionProperties) = preSolution
		HideSolutionNode = FALSE
	EndGlobalSection
	GlobalSection(ExtensibilityGlobals) = postSolution
		SolutionGuid = {A11431AC-150D-4C49-B58A-28F1819F0E4D}
	EndGlobalSection
EndGlobal
